
Microsoft Visual Studio Solution File, Format Version 12.00
# Visual Studio Version 16
VisualStudioVersion = 16.0.31112.23
MinimumVisualStudioVersion = 10.0.40219.1
Project("{FAE04EC0-301F-11D3-BF4B-00C04F79EFBC}") = "CountingArray", "CountingArray.csproj", "{3BFB670B-BA69-423E-81EA-57FA304F6D5B}"
EndProject
Global
	GlobalSection(SolutionConfigurationPlatforms) = preSolution
		Debug|Any CPU = Debug|Any CPU
		Release|Any CPU = Release|Any CPU
	EndGlobalSection
	GlobalSection(ProjectConfigurationPlatforms) = postSolution
		{3BFB670B-BA69-423E-81EA-57FA304F6D5B}.Debug|Any CPU.ActiveCfg = Debug|Any CPU
		{3BFB670B-BA69-423E-81EA-57FA304F6D5B}.Debug|Any CPU.Build.0 = Debug|Any CPU
		{3BFB670B-BA69-423E-81EA-57FA304F6D5B}.Release|Any CPU.ActiveCfg = Release|Any CPU
		{3BFB670B-BA69-423E-81EA-57FA304F6D5B}.Release|Any CPU.Build.0 = Release|Any CPU
	EndGlobalSection
	GlobalSection(SolutionProperties) = preSolution
		HideSolutionNode = FALSE
	EndGlobalSection
	GlobalSection(ExtensibilityGlobals) = postSolution
		SolutionGuid = {BFFE8BDE-655C-4525-BBD4-DDDA2E7BA19A}
	EndGlobalSection
EndGlobal
